# THIS IS AN AUTOGENERATED FILE. DO NOT EDIT THIS FILE DIRECTLY.
# yarn lockfile v1


"@prisma/client@3.8.1":
  version "3.8.1"
  resolved "https://registry.yarnpkg.com/@prisma/client/-/client-3.8.1.tgz#c11eda8e84760867552ffde4de7b48fb2cf1e1c0"
  integrity sha512-NxD1Xbkx1eT1mxSwo1RwZe665mqBETs0VxohuwNfFIxMqcp0g6d4TgugPxwZ4Jb4e5wCu8mQ9quMedhNWIWcZQ==
  dependencies:
    "@prisma/engines-version" "3.8.0-43.34df67547cf5598f5a6cd3eb45f14ee70c3fb86f"

"@prisma/engines-version@3.8.0-43.34df67547cf5598f5a6cd3eb45f14ee70c3fb86f":
  version "3.8.0-43.34df67547cf5598f5a6cd3eb45f14ee70c3fb86f"
  resolved "https://registry.yarnpkg.com/@prisma/engines-version/-/engines-version-3.8.0-43.34df67547cf5598f5a6cd3eb45f14ee70c3fb86f.tgz#4c8d9744b5e54650a8ba5fde0a711399d6adba24"
  integrity sha512-G2JH6yWt6ixGKmsRmVgaQYahfwMopim0u/XLIZUo2o/mZ5jdu7+BL+2V5lZr7XiG1axhyrpvlyqE/c0OgYSl3g==

"@prisma/engines@3.8.0-43.34df67547cf5598f5a6cd3eb45f14ee70c3fb86f":
  version "3.8.0-43.34df67547cf5598f5a6cd3eb45f14ee70c3fb86f"
  resolved "https://registry.yarnpkg.com/@prisma/engines/-/engines-3.8.0-43.34df67547cf5598f5a6cd3eb45f14ee70c3fb86f.tgz#4479099b99f6a082ce5843ee7208943ccedd127f"
  integrity sha512-bHYubuItSN/DGYo36aDu7xJiJmK52JOSHs4MK+KbceAtwS20BCWadRgtpQ3iZ2EXfN/B1T0iCXlNraaNwnpU2w==

prisma@3.8.1:
  version "3.8.1"
  resolved "https://registry.yarnpkg.com/prisma/-/prisma-3.8.1.tgz#44395cef7cbb1ea86216cb84ee02f856c08a7873"
  integrity sha512-Q8zHwS9m70TaD7qI8u+8hTAmiTpK+IpvRYF3Rgb/OeWGQJOMgZCFFvNCiSfoLEQ95wilK7ctW3KOpc9AuYnRUA==
  dependencies:
    "@prisma/engines" "3.8.0-43.34df67547cf5598f5a6cd3eb45f14ee70c3fb86f"
